
Microsoft Visual Studio Solution File, Format Version 12.00
# Visual Studio Version 16
VisualStudioVersion = 16.0.30114.105
MinimumVisualStudioVersion = 10.0.40219.1
Project("{FAE04EC0-301F-11D3-BF4B-00C04F79EFBC}") = "PrimeService", "PrimeService\PrimeService.csproj", "{2D0FD3D8-3E4A-41A3-8D30-F7DCA7C68396}"
EndProject
Project("{FAE04EC0-301F-11D3-BF4B-00C04F79EFBC}") = "PrimeService.Tests", "PrimeService.Tests\PrimeService.Tests.csproj", "{E6FD9825-66B4-4815-BD4D-AE03E3A5EB04}"
EndProject
Global
	GlobalSection(SolutionConfigurationPlatforms) = preSolution
		Debug|Any CPU = Debug|Any CPU
		Debug|x64 = Debug|x64
		Debug|x86 = Debug|x86
		Release|Any CPU = Release|Any CPU
		Release|x64 = Release|x64
		Release|x86 = Release|x86
	EndGlobalSection
	GlobalSection(SolutionProperties) = preSolution
		HideSolutionNode = FALSE
	EndGlobalSection
	GlobalSection(ProjectConfigurationPlatforms) = postSolution
		{2D0FD3D8-3E4A-41A3-8D30-F7DCA7C68396}.Debug|Any CPU.ActiveCfg = Debug|Any CPU
		{2D0FD3D8-3E4A-41A3-8D30-F7DCA7C68396}.Debug|Any CPU.Build.0 = Debug|Any CPU
		{2D0FD3D8-3E4A-41A3-8D30-F7DCA7C68396}.Debug|x64.ActiveCfg = Debug|Any CPU
		{2D0FD3D8-3E4A-41A3-8D30-F7DCA7C68396}.Debug|x64.Build.0 = Debug|Any CPU
		{2D0FD3D8-3E4A-41A3-8D30-F7DCA7C68396}.Debug|x86.ActiveCfg = Debug|Any CPU
		{2D0FD3D8-3E4A-41A3-8D30-F7DCA7C68396}.Debug|x86.Build.0 = Debug|Any CPU
		{2D0FD3D8-3E4A-41A3-8D30-F7DCA7C68396}.Release|Any CPU.ActiveCfg = Release|Any CPU
		{2D0FD3D8-3E4A-41A3-8D30-F7DCA7C68396}.Release|Any CPU.Build.0 = Release|Any CPU
		{2D0FD3D8-3E4A-41A3-8D30-F7DCA7C68396}.Release|x64.ActiveCfg = Release|Any CPU
		{2D0FD3D8-3E4A-41A3-8D30-F7DCA7C68396}.Release|x64.Build.0 = Release|Any CPU
		{2D0FD3D8-3E4A-41A3-8D30-F7DCA7C68396}.Release|x86.ActiveCfg = Release|Any CPU
		{2D0FD3D8-3E4A-41A3-8D30-F7DCA7C68396}.Release|x86.Build.0 = Release|Any CPU
		{E6FD9825-66B4-4815-BD4D-AE03E3A5EB04}.Debug|Any CPU.ActiveCfg = Debug|Any CPU
		{E6FD9825-66B4-4815-BD4D-AE03E3A5EB04}.Debug|Any CPU.Build.0 = Debug|Any CPU
		{E6FD9825-66B4-4815-BD4D-AE03E3A5EB04}.Debug|x64.ActiveCfg = Debug|Any CPU
		{E6FD9825-66B4-4815-BD4D-AE03E3A5EB04}.Debug|x64.Build.0 = Debug|Any CPU
		{E6FD9825-66B4-4815-BD4D-AE03E3A5EB04}.Debug|x86.ActiveCfg = Debug|Any CPU
		{E6FD9825-66B4-4815-BD4D-AE03E3A5EB04}.Debug|x86.Build.0 = Debug|Any CPU
		{E6FD9825-66B4-4815-BD4D-AE03E3A5EB04}.Release|Any CPU.ActiveCfg = Release|Any CPU
		{E6FD9825-66B4-4815-BD4D-AE03E3A5EB04}.Release|Any CPU.Build.0 = Release|Any CPU
		{E6FD9825-66B4-4815-BD4D-AE03E3A5EB04}.Release|x64.ActiveCfg = Release|Any CPU
		{E6FD9825-66B4-4815-BD4D-AE03E3A5EB04}.Release|x64.Build.0 = Release|Any CPU
		{E6FD9825-66B4-4815-BD4D-AE03E3A5EB04}.Release|x86.ActiveCfg = Release|Any CPU
		{E6FD9825-66B4-4815-BD4D-AE03E3A5EB04}.Release|x86.Build.0 = Release|Any CPU
	EndGlobalSection
EndGlobal
